
Microsoft Visual Studio Solution File, Format Version 12.00
# Visual Studio Version 16
VisualStudioVersion = 16.0.31025.194
MinimumVisualStudioVersion = 10.0.40219.1
Project("{2150E333-8FDC-42A3-9474-1A3956D46DE8}") = "Services", "Services", "{1D51538D-A16A-472D-9BD9-2E6619581849}"
EndProject
Project("{2150E333-8FDC-42A3-9474-1A3956D46DE8}") = "Catalog", "Catalog", "{7DE486F7-264D-4636-88A3-70B9C1F13AA4}"
EndProject
Project("{9A19103F-16F7-4668-BE54-9A1E7A4F7556}") = "Catalog.API", "Services\Catalog\Catalog.API\Catalog.API.csproj", "{157B0E37-9DDC-430F-9B7F-7FDC441061DD}"
EndProject
Project("{E53339B2-1760-4266-BCC7-CA923CBCF16C}") = "docker-compose", "docker-compose.dcproj", "{933C49B1-46C4-463B-B66A-B99AFEFF3A7B}"
EndProject
Project("{2150E333-8FDC-42A3-9474-1A3956D46DE8}") = "Basket", "Basket", "{8F509023-01E7-49F3-92A1-6EBF740BF5CD}"
EndProject
Project("{9A19103F-16F7-4668-BE54-9A1E7A4F7556}") = "Basket.API", "Services\Basket\Basket.API\Basket.API.csproj", "{D06E8C08-1303-4AE8-9F94-46D4298B2A10}"
EndProject
Project("{2150E333-8FDC-42A3-9474-1A3956D46DE8}") = "Discount", "Discount", "{63BEF90C-1130-49B8-880E-DB4B5016D174}"
EndProject
Project("{9A19103F-16F7-4668-BE54-9A1E7A4F7556}") = "Discount.API", "Services\Discount\Discount.API\Discount.API.csproj", "{E024C7ED-B726-4222-BD0A-27F8AE18BC56}"
EndProject
Project("{9A19103F-16F7-4668-BE54-9A1E7A4F7556}") = "Discount.Grpc", "Services\Discount\Discount.Grpc\Discount.Grpc.csproj", "{6FCA66CC-95E6-4DEC-ADF4-E1F8391790EB}"
EndProject
Project("{2150E333-8FDC-42A3-9474-1A3956D46DE8}") = "Ordering", "Ordering", "{FD101A55-87CC-4769-8879-2E527CA15FEE}"
EndProject
Project("{FAE04EC0-301F-11D3-BF4B-00C04F79EFBC}") = "Ordering.API", "Services\Ordering\Ordering.API\Ordering.API.csproj", "{2A1DE2A3-107A-4F0C-8946-05D30B43F820}"
EndProject
Project("{FAE04EC0-301F-11D3-BF4B-00C04F79EFBC}") = "Ordering.Domain", "Services\Ordering\Ordering.Domain\Ordering.Domain.csproj", "{1E625E60-6532-4F0D-9E22-51AF480E5137}"
EndProject
Project("{FAE04EC0-301F-11D3-BF4B-00C04F79EFBC}") = "Ordering.Application", "Services\Ordering\Ordering.Application\Ordering.Application.csproj", "{9CDC6C2C-03E2-4359-9706-D47B80182F4A}"
EndProject
Project("{FAE04EC0-301F-11D3-BF4B-00C04F79EFBC}") = "Ordering.Infrastructure", "Services\Ordering\Ordering.Infrastructure\Ordering.Infrastructure.csproj", "{5D4A2007-46CE-464E-A3D8-91D2BE19B26D}"
EndProject
Global
	GlobalSection(SolutionConfigurationPlatforms) = preSolution
		Debug|Any CPU = Debug|Any CPU
		Release|Any CPU = Release|Any CPU
	EndGlobalSection
	GlobalSection(ProjectConfigurationPlatforms) = postSolution
		{157B0E37-9DDC-430F-9B7F-7FDC441061DD}.Debug|Any CPU.ActiveCfg = Debug|Any CPU
		{157B0E37-9DDC-430F-9B7F-7FDC441061DD}.Debug|Any CPU.Build.0 = Debug|Any CPU
		{157B0E37-9DDC-430F-9B7F-7FDC441061DD}.Release|Any CPU.ActiveCfg = Release|Any CPU
		{157B0E37-9DDC-430F-9B7F-7FDC441061DD}.Release|Any CPU.Build.0 = Release|Any CPU
		{933C49B1-46C4-463B-B66A-B99AFEFF3A7B}.Debug|Any CPU.ActiveCfg = Debug|Any CPU
		{933C49B1-46C4-463B-B66A-B99AFEFF3A7B}.Debug|Any CPU.Build.0 = Debug|Any CPU
		{933C49B1-46C4-463B-B66A-B99AFEFF3A7B}.Release|Any CPU.ActiveCfg = Release|Any CPU
		{933C49B1-46C4-463B-B66A-B99AFEFF3A7B}.Release|Any CPU.Build.0 = Release|Any CPU
		{D06E8C08-1303-4AE8-9F94-46D4298B2A10}.Debug|Any CPU.ActiveCfg = Debug|Any CPU
		{D06E8C08-1303-4AE8-9F94-46D4298B2A10}.Debug|Any CPU.Build.0 = Debug|Any CPU
		{D06E8C08-1303-4AE8-9F94-46D4298B2A10}.Release|Any CPU.ActiveCfg = Release|Any CPU
		{D06E8C08-1303-4AE8-9F94-46D4298B2A10}.Release|Any CPU.Build.0 = Release|Any CPU
		{E024C7ED-B726-4222-BD0A-27F8AE18BC56}.Debug|Any CPU.ActiveCfg = Debug|Any CPU
		{E024C7ED-B726-4222-BD0A-27F8AE18BC56}.Debug|Any CPU.Build.0 = Debug|Any CPU
		{E024C7ED-B726-4222-BD0A-27F8AE18BC56}.Release|Any CPU.ActiveCfg = Release|Any CPU
		{E024C7ED-B726-4222-BD0A-27F8AE18BC56}.Release|Any CPU.Build.0 = Release|Any CPU
		{6FCA66CC-95E6-4DEC-ADF4-E1F8391790EB}.Debug|Any CPU.ActiveCfg = Debug|Any CPU
		{6FCA66CC-95E6-4DEC-ADF4-E1F8391790EB}.Debug|Any CPU.Build.0 = Debug|Any CPU
		{6FCA66CC-95E6-4DEC-ADF4-E1F8391790EB}.Release|Any CPU.ActiveCfg = Release|Any CPU
		{6FCA66CC-95E6-4DEC-ADF4-E1F8391790EB}.Release|Any CPU.Build.0 = Release|Any CPU
		{2A1DE2A3-107A-4F0C-8946-05D30B43F820}.Debug|Any CPU.ActiveCfg = Debug|Any CPU
		{2A1DE2A3-107A-4F0C-8946-05D30B43F820}.Debug|Any CPU.Build.0 = Debug|Any CPU
		{2A1DE2A3-107A-4F0C-8946-05D30B43F820}.Release|Any CPU.ActiveCfg = Release|Any CPU
		{2A1DE2A3-107A-4F0C-8946-05D30B43F820}.Release|Any CPU.Build.0 = Release|Any CPU
		{1E625E60-6532-4F0D-9E22-51AF480E5137}.Debug|Any CPU.ActiveCfg = Debug|Any CPU
		{1E625E60-6532-4F0D-9E22-51AF480E5137}.Debug|Any CPU.Build.0 = Debug|Any CPU
		{1E625E60-6532-4F0D-9E22-51AF480E5137}.Release|Any CPU.ActiveCfg = Release|Any CPU
		{1E625E60-6532-4F0D-9E22-51AF480E5137}.Release|Any CPU.Build.0 = Release|Any CPU
		{9CDC6C2C-03E2-4359-9706-D47B80182F4A}.Debug|Any CPU.ActiveCfg = Debug|Any CPU
		{9CDC6C2C-03E2-4359-9706-D47B80182F4A}.Debug|Any CPU.Build.0 = Debug|Any CPU
		{9CDC6C2C-03E2-4359-9706-D47B80182F4A}.Release|Any CPU.ActiveCfg = Release|Any CPU
		{9CDC6C2C-03E2-4359-9706-D47B80182F4A}.Release|Any CPU.Build.0 = Release|Any CPU
		{5D4A2007-46CE-464E-A3D8-91D2BE19B26D}.Debug|Any CPU.ActiveCfg = Debug|Any CPU
		{5D4A2007-46CE-464E-A3D8-91D2BE19B26D}.Debug|Any CPU.Build.0 = Debug|Any CPU
		{5D4A2007-46CE-464E-A3D8-91D2BE19B26D}.Release|Any CPU.ActiveCfg = Release|Any CPU
		{5D4A2007-46CE-464E-A3D8-91D2BE19B26D}.Release|Any CPU.Build.0 = Release|Any CPU
	EndGlobalSection
	GlobalSection(SolutionProperties) = preSolution
		HideSolutionNode = FALSE
	EndGlobalSection
	GlobalSection(NestedProjects) = preSolution
		{7DE486F7-264D-4636-88A3-70B9C1F13AA4} = {1D51538D-A16A-472D-9BD9-2E6619581849}
		{157B0E37-9DDC-430F-9B7F-7FDC441061DD} = {7DE486F7-264D-4636-88A3-70B9C1F13AA4}
		{8F509023-01E7-49F3-92A1-6EBF740BF5CD} = {1D51538D-A16A-472D-9BD9-2E6619581849}
		{D06E8C08-1303-4AE8-9F94-46D4298B2A10} = {8F509023-01E7-49F3-92A1-6EBF740BF5CD}
		{63BEF90C-1130-49B8-880E-DB4B5016D174} = {1D51538D-A16A-472D-9BD9-2E6619581849}
		{E024C7ED-B726-4222-BD0A-27F8AE18BC56} = {63BEF90C-1130-49B8-880E-DB4B5016D174}
		{6FCA66CC-95E6-4DEC-ADF4-E1F8391790EB} = {63BEF90C-1130-49B8-880E-DB4B5016D174}
		{FD101A55-87CC-4769-8879-2E527CA15FEE} = {1D51538D-A16A-472D-9BD9-2E6619581849}
		{2A1DE2A3-107A-4F0C-8946-05D30B43F820} = {FD101A55-87CC-4769-8879-2E527CA15FEE}
		{1E625E60-6532-4F0D-9E22-51AF480E5137} = {FD101A55-87CC-4769-8879-2E527CA15FEE}
		{9CDC6C2C-03E2-4359-9706-D47B80182F4A} = {FD101A55-87CC-4769-8879-2E527CA15FEE}
		{5D4A2007-46CE-464E-A3D8-91D2BE19B26D} = {FD101A55-87CC-4769-8879-2E527CA15FEE}
	EndGlobalSection
	GlobalSection(ExtensibilityGlobals) = postSolution
		SolutionGuid = {6DF60CC1-61DC-4301-AFDD-EF9071F364F2}
	EndGlobalSection
EndGlobal
